// !$*UTF8*$!
{
	archiveVersion = 1;
	classes = {
	};
	objectVersion = 56;
	objects = {

/* Begin PBXBuildFile section */
		15455CFC2862313800EEF5A4 /* AxeApp.swift in Sources */ = {isa = PBXBuildFile; fileRef = 15455CFB2862313800EEF5A4 /* AxeApp.swift */; };
		15455D002862313E00EEF5A4 /* Assets.xcassets in Resources */ = {isa = PBXBuildFile; fileRef = 15455CFF2862313E00EEF5A4 /* Assets.xcassets */; };
		15455D032862313E00EEF5A4 /* Preview Assets.xcassets in Resources */ = {isa = PBXBuildFile; fileRef = 15455D022862313E00EEF5A4 /* Preview Assets.xcassets */; };
		15455D0C2862349500EEF5A4 /* LoggerStatus.swift in Sources */ = {isa = PBXBuildFile; fileRef = 15455D0B2862349500EEF5A4 /* LoggerStatus.swift */; };
		15455D1128623F8800EEF5A4 /* Carbon.framework in Frameworks */ = {isa = PBXBuildFile; fileRef = 15455D1028623F8800EEF5A4 /* Carbon.framework */; };
		15455D132862549200EEF5A4 /* AppDelegate.swift in Sources */ = {isa = PBXBuildFile; fileRef = 15455D122862549100EEF5A4 /* AppDelegate.swift */; };
		15455D182862664300EEF5A4 /* LaunchAtLogin in Frameworks */ = {isa = PBXBuildFile; productRef = 15455D172862664300EEF5A4 /* LaunchAtLogin */; };
		15455D1B2862696B00EEF5A4 /* AxeDefaultsKeys.swift in Sources */ = {isa = PBXBuildFile; fileRef = 15455D1A2862696B00EEF5A4 /* AxeDefaultsKeys.swift */; };
		15455D1D28626E9300EEF5A4 /* Credits.rtf in Resources */ = {isa = PBXBuildFile; fileRef = 15455D1C28626E9300EEF5A4 /* Credits.rtf */; };
/* End PBXBuildFile section */

/* Begin PBXFileReference section */
		15455CF82862313800EEF5A4 /* Axe.app */ = {isa = PBXFileReference; explicitFileType = wrapper.application; includeInIndex = 0; path = Axe.app; sourceTree = BUILT_PRODUCTS_DIR; };
		15455CFB2862313800EEF5A4 /* AxeApp.swift */ = {isa = PBXFileReference; lastKnownFileType = sourcecode.swift; path = AxeApp.swift; sourceTree = "<group>"; };
		15455CFF2862313E00EEF5A4 /* Assets.xcassets */ = {isa = PBXFileReference; lastKnownFileType = folder.assetcatalog; path = Assets.xcassets; sourceTree = "<group>"; };
		15455D022862313E00EEF5A4 /* Preview Assets.xcassets */ = {isa = PBXFileReference; lastKnownFileType = folder.assetcatalog; path = "Preview Assets.xcassets"; sourceTree = "<group>"; };
		15455D042862313E00EEF5A4 /* Axe.entitlements */ = {isa = PBXFileReference; lastKnownFileType = text.plist.entitlements; path = Axe.entitlements; sourceTree = "<group>"; };
		15455D0A286233A400EEF5A4 /* Info.plist */ = {isa = PBXFileReference; lastKnownFileType = text.plist; path = Info.plist; sourceTree = "<group>"; };
		15455D0B2862349500EEF5A4 /* LoggerStatus.swift */ = {isa = PBXFileReference; lastKnownFileType = sourcecode.swift; path = LoggerStatus.swift; sourceTree = "<group>"; };
		15455D1028623F8800EEF5A4 /* Carbon.framework */ = {isa = PBXFileReference; lastKnownFileType = wrapper.framework; name = Carbon.framework; path = System/Library/Frameworks/Carbon.framework; sourceTree = SDKROOT; };
		15455D122862549100EEF5A4 /* AppDelegate.swift */ = {isa = PBXFileReference; lastKnownFileType = sourcecode.swift; path = AppDelegate.swift; sourceTree = "<group>"; };
		15455D1A2862696B00EEF5A4 /* AxeDefaultsKeys.swift */ = {isa = PBXFileReference; lastKnownFileType = sourcecode.swift; path = AxeDefaultsKeys.swift; sourceTree = "<group>"; };
		15455D1C28626E9300EEF5A4 /* Credits.rtf */ = {isa = PBXFileReference; fileEncoding = 4; lastKnownFileType = text.rtf; path = Credits.rtf; sourceTree = "<group>"; };
/* End PBXFileReference section */

/* Begin PBXFrameworksBuildPhase section */
		15455CF52862313800EEF5A4 /* Frameworks */ = {
			isa = PBXFrameworksBuildPhase;
			buildActionMask = 2147483647;
			files = (
				15455D182862664300EEF5A4 /* LaunchAtLogin in Frameworks */,
				15455D1128623F8800EEF5A4 /* Carbon.framework in Frameworks */,
			);
			runOnlyForDeploymentPostprocessing = 0;
		};
/* End PBXFrameworksBuildPhase section */

/* Begin PBXGroup section */
		15455CEF2862313800EEF5A4 = {
			isa = PBXGroup;
			children = (
				15455CFA2862313800EEF5A4 /* Axe */,
				15455CF92862313800EEF5A4 /* Products */,
				15455D0F28623F8800EEF5A4 /* Frameworks */,
			);
			sourceTree = "<group>";
		};
		15455CF92862313800EEF5A4 /* Products */ = {
			isa = PBXGroup;
			children = (
				15455CF82862313800EEF5A4 /* Axe.app */,
			);
			name = Products;
			sourceTree = "<group>";
		};
		15455CFA2862313800EEF5A4 /* Axe */ = {
			isa = PBXGroup;
			children = (
				15455D1C28626E9300EEF5A4 /* Credits.rtf */,
				15455D0A286233A400EEF5A4 /* Info.plist */,
				15455CFB2862313800EEF5A4 /* AxeApp.swift */,
				15455D122862549100EEF5A4 /* AppDelegate.swift */,
				15455D1A2862696B00EEF5A4 /* AxeDefaultsKeys.swift */,
				15455D0B2862349500EEF5A4 /* LoggerStatus.swift */,
				15455CFF2862313E00EEF5A4 /* Assets.xcassets */,
				15455D042862313E00EEF5A4 /* Axe.entitlements */,
				15455D012862313E00EEF5A4 /* Preview Content */,
			);
			path = Axe;
			sourceTree = "<group>";
		};
		15455D012862313E00EEF5A4 /* Preview Content */ = {
			isa = PBXGroup;
			children = (
				15455D022862313E00EEF5A4 /* Preview Assets.xcassets */,
			);
			path = "Preview Content";
			sourceTree = "<group>";
		};
		15455D0F28623F8800EEF5A4 /* Frameworks */ = {
			isa = PBXGroup;
			children = (
				15455D1028623F8800EEF5A4 /* Carbon.framework */,
			);
			name = Frameworks;
			sourceTree = "<group>";
		};
/* End PBXGroup section */

/* Begin PBXNativeTarget section */
		15455CF72862313800EEF5A4 /* Axe */ = {
			isa = PBXNativeTarget;
			buildConfigurationList = 15455D072862313E00EEF5A4 /* Build configuration list for PBXNativeTarget "Axe" */;
			buildPhases = (
				15455CF42862313800EEF5A4 /* Sources */,
				15455CF52862313800EEF5A4 /* Frameworks */,
				15455CF62862313800EEF5A4 /* Resources */,
				15455D192862666800EEF5A4 /* Copy "Launch at Login Helper" */,
			);
			buildRules = (
			);
			dependencies = (
			);
			name = Axe;
			packageProductDependencies = (
				15455D172862664300EEF5A4 /* LaunchAtLogin */,
			);
			productName = Axe;
			productReference = 15455CF82862313800EEF5A4 /* Axe.app */;
			productType = "com.apple.product-type.application";
		};
/* End PBXNativeTarget section */

/* Begin PBXProject section */
		15455CF02862313800EEF5A4 /* Project object */ = {
			isa = PBXProject;
			attributes = {
				BuildIndependentTargetsInParallel = 1;
				LastSwiftUpdateCheck = 1400;
				LastUpgradeCheck = 1400;
				TargetAttributes = {
					15455CF72862313800EEF5A4 = {
						CreatedOnToolsVersion = 14.0;
					};
				};
			};
			buildConfigurationList = 15455CF32862313800EEF5A4 /* Build configuration list for PBXProject "Axe" */;
			compatibilityVersion = "Xcode 14.0";
			developmentRegion = en;
			hasScannedForEncodings = 0;
			knownRegions = (
				en,
				Base,
			);
			mainGroup = 15455CEF2862313800EEF5A4;
			packageReferences = (
				15455D162862664300EEF5A4 /* XCRemoteSwiftPackageReference "LaunchAtLogin" */,
			);
			productRefGroup = 15455CF92862313800EEF5A4 /* Products */;
			projectDirPath = "";
			projectRoot = "";
			targets = (
				15455CF72862313800EEF5A4 /* Axe */,
			);
		};
/* End PBXProject section */

/* Begin PBXResourcesBuildPhase section */
		15455CF62862313800EEF5A4 /* Resources */ = {
			isa = PBXResourcesBuildPhase;
			buildActionMask = 2147483647;
			files = (
				15455D032862313E00EEF5A4 /* Preview Assets.xcassets in Resources */,
				15455D1D28626E9300EEF5A4 /* Credits.rtf in Resources */,
				15455D002862313E00EEF5A4 /* Assets.xcassets in Resources */,
			);
			runOnlyForDeploymentPostprocessing = 0;
		};
/* End PBXResourcesBuildPhase section */

/* Begin PBXShellScriptBuildPhase section */
		15455D192862666800EEF5A4 /* Copy "Launch at Login Helper" */ = {
			isa = PBXShellScriptBuildPhase;
			alwaysOutOfDate = 1;
			buildActionMask = 2147483647;
			files = (
			);
			inputFileListPaths = (
			);
			inputPaths = (
			);
			name = "Copy \"Launch at Login Helper\"";
			outputFileListPaths = (
			);
			outputPaths = (
			);
			runOnlyForDeploymentPostprocessing = 0;
			shellPath = /bin/sh;
			shellScript = "# Type a script or drag a script file from your workspace to insert its path.\n\"${BUILT_PRODUCTS_DIR}/LaunchAtLogin_LaunchAtLogin.bundle/Contents/Resources/copy-helper-swiftpm.sh\"\n";
		};
/* End PBXShellScriptBuildPhase section */

/* Begin PBXSourcesBuildPhase section */
		15455CF42862313800EEF5A4 /* Sources */ = {
			isa = PBXSourcesBuildPhase;
			buildActionMask = 2147483647;
			files = (
				15455D132862549200EEF5A4 /* AppDelegate.swift in Sources */,
				15455CFC2862313800EEF5A4 /* AxeApp.swift in Sources */,
				15455D1B2862696B00EEF5A4 /* AxeDefaultsKeys.swift in Sources */,
				15455D0C2862349500EEF5A4 /* LoggerStatus.swift in Sources */,
			);
			runOnlyForDeploymentPostprocessing = 0;
		};
/* End PBXSourcesBuildPhase section */

/* Begin XCBuildConfiguration section */
		15455D052862313E00EEF5A4 /* Debug */ = {
			isa = XCBuildConfiguration;
			buildSettings = {
				ALWAYS_SEARCH_USER_PATHS = NO;
				CLANG_ANALYZER_NONNULL = YES;
				CLANG_ANALYZER_NUMBER_OBJECT_CONVERSION = YES_AGGRESSIVE;
				CLANG_CXX_LANGUAGE_STANDARD = "gnu++17";
				CLANG_ENABLE_MODULES = YES;
				CLANG_ENABLE_OBJC_ARC = YES;
				CLANG_ENABLE_OBJC_WEAK = YES;
				CLANG_WARN_BLOCK_CAPTURE_AUTORELEASING = YES;
				CLANG_WARN_BOOL_CONVERSION = YES;
				CLANG_WARN_COMMA = YES;
				CLANG_WARN_CONSTANT_CONVERSION = YES;
				CLANG_WARN_DEPRECATED_OBJC_IMPLEMENTATIONS = YES;
				CLANG_WARN_DIRECT_OBJC_ISA_USAGE = YES_ERROR;
				CLANG_WARN_DOCUMENTATION_COMMENTS = YES;
				CLANG_WARN_EMPTY_BODY = YES;
				CLANG_WARN_ENUM_CONVERSION = YES;
				CLANG_WARN_INFINITE_RECURSION = YES;
				CLANG_WARN_INT_CONVERSION = YES;
				CLANG_WARN_NON_LITERAL_NULL_CONVERSION = YES;
				CLANG_WARN_OBJC_IMPLICIT_RETAIN_SELF = YES;
				CLANG_WARN_OBJC_LITERAL_CONVERSION = YES;
				CLANG_WARN_OBJC_ROOT_CLASS = YES_ERROR;
				CLANG_WARN_QUOTED_INCLUDE_IN_FRAMEWORK_HEADER = YES;
				CLANG_WARN_RANGE_LOOP_ANALYSIS = YES;
				CLANG_WARN_STRICT_PROTOTYPES = YES;
				CLANG_WARN_SUSPICIOUS_MOVE = YES;
				CLANG_WARN_UNGUARDED_AVAILABILITY = YES_AGGRESSIVE;
				CLANG_WARN_UNREACHABLE_CODE = YES;
				CLANG_WARN__DUPLICATE_METHOD_MATCH = YES;
				COPY_PHASE_STRIP = NO;
				DEBUG_INFORMATION_FORMAT = dwarf;
				ENABLE_STRICT_OBJC_MSGSEND = YES;
				ENABLE_TESTABILITY = YES;
				GCC_C_LANGUAGE_STANDARD = gnu11;
				GCC_DYNAMIC_NO_PIC = NO;
				GCC_NO_COMMON_BLOCKS = YES;
				GCC_OPTIMIZATION_LEVEL = 0;
				GCC_PREPROCESSOR_DEFINITIONS = (
					"DEBUG=1",
					"$(inherited)",
				);
				GCC_WARN_64_TO_32_BIT_CONVERSION = YES;
				GCC_WARN_ABOUT_RETURN_TYPE = YES_ERROR;
				GCC_WARN_UNDECLARED_SELECTOR = YES;
				GCC_WARN_UNINITIALIZED_AUTOS = YES_AGGRESSIVE;
				GCC_WARN_UNUSED_FUNCTION = YES;
				GCC_WARN_UNUSED_VARIABLE = YES;
				MACOSX_DEPLOYMENT_TARGET = 12.0;
				MTL_ENABLE_DEBUG_INFO = INCLUDE_SOURCE;
				MTL_FAST_MATH = YES;
				ONLY_ACTIVE_ARCH = YES;
				SDKROOT = macosx;
				SWIFT_ACTIVE_COMPILATION_CONDITIONS = DEBUG;
				SWIFT_OPTIMIZATION_LEVEL = "-Onone";
			};
			name = Debug;
		};
		15455D062862313E00EEF5A4 /* Release */ = {
			isa = XCBuildConfiguration;
			buildSettings = {
				ALWAYS_SEARCH_USER_PATHS = NO;
				CLANG_ANALYZER_NONNULL = YES;
				CLANG_ANALYZER_NUMBER_OBJECT_CONVERSION = YES_AGGRESSIVE;
				CLANG_CXX_LANGUAGE_STANDARD = "gnu++17";
				CLANG_ENABLE_MODULES = YES;
				CLANG_ENABLE_OBJC_ARC = YES;
				CLANG_ENABLE_OBJC_WEAK = YES;
				CLANG_WARN_BLOCK_CAPTURE_AUTORELEASING = YES;
				CLANG_WARN_BOOL_CONVERSION = YES;
				CLANG_WARN_COMMA = YES;
				CLANG_WARN_CONSTANT_CONVERSION = YES;
				CLANG_WARN_DEPRECATED_OBJC_IMPLEMENTATIONS = YES;
				CLANG_WARN_DIRECT_OBJC_ISA_USAGE = YES_ERROR;
				CLANG_WARN_DOCUMENTATION_COMMENTS = YES;
				CLANG_WARN_EMPTY_BODY = YES;
				CLANG_WARN_ENUM_CONVERSION = YES;
				CLANG_WARN_INFINITE_RECURSION = YES;
				CLANG_WARN_INT_CONVERSION = YES;
				CLANG_WARN_NON_LITERAL_NULL_CONVERSION = YES;
				CLANG_WARN_OBJC_IMPLICIT_RETAIN_SELF = YES;
				CLANG_WARN_OBJC_LITERAL_CONVERSION = YES;
				CLANG_WARN_OBJC_ROOT_CLASS = YES_ERROR;
				CLANG_WARN_QUOTED_INCLUDE_IN_FRAMEWORK_HEADER = YES;
				CLANG_WARN_RANGE_LOOP_ANALYSIS = YES;
				CLANG_WARN_STRICT_PROTOTYPES = YES;
				CLANG_WARN_SUSPICIOUS_MOVE = YES;
				CLANG_WARN_UNGUARDED_AVAILABILITY = YES_AGGRESSIVE;
				CLANG_WARN_UNREACHABLE_CODE = YES;
				CLANG_WARN__DUPLICATE_METHOD_MATCH = YES;
				COPY_PHASE_STRIP = NO;
				DEBUG_INFORMATION_FORMAT = "dwarf-with-dsym";
				ENABLE_NS_ASSERTIONS = NO;
				ENABLE_STRICT_OBJC_MSGSEND = YES;
				GCC_C_LANGUAGE_STANDARD = gnu11;
				GCC_NO_COMMON_BLOCKS = YES;
				GCC_WARN_64_TO_32_BIT_CONVERSION = YES;
				GCC_WARN_ABOUT_RETURN_TYPE = YES_ERROR;
				GCC_WARN_UNDECLARED_SELECTOR = YES;
				GCC_WARN_UNINITIALIZED_AUTOS = YES_AGGRESSIVE;
				GCC_WARN_UNUSED_FUNCTION = YES;
				GCC_WARN_UNUSED_VARIABLE = YES;
				MACOSX_DEPLOYMENT_TARGET = 12.0;
				MTL_ENABLE_DEBUG_INFO = NO;
				MTL_FAST_MATH = YES;
				SDKROOT = macosx;
				SWIFT_COMPILATION_MODE = wholemodule;
				SWIFT_OPTIMIZATION_LEVEL = "-O";
			};
			name = Release;
		};
		15455D082862313E00EEF5A4 /* Debug */ = {
			isa = XCBuildConfiguration;
			buildSettings = {
				ASSETCATALOG_COMPILER_APPICON_NAME = AppIcon;
				ASSETCATALOG_COMPILER_GLOBAL_ACCENT_COLOR_NAME = AccentColor;
				CODE_SIGN_ENTITLEMENTS = Axe/Axe.entitlements;
				CODE_SIGN_STYLE = Automatic;
				COMBINE_HIDPI_IMAGES = YES;
				CURRENT_PROJECT_VERSION = 1;
				DEVELOPMENT_ASSET_PATHS = "\"Axe/Preview Content\"";
				DEVELOPMENT_TEAM = P6PV2R9443;
				ENABLE_HARDENED_RUNTIME = YES;
				ENABLE_PREVIEWS = YES;
				GENERATE_INFOPLIST_FILE = YES;
				INFOPLIST_FILE = Axe/Info.plist;
				INFOPLIST_KEY_NSHumanReadableCopyright = "";
				LD_RUNPATH_SEARCH_PATHS = (
					"$(inherited)",
					"@executable_path/../Frameworks",
				);
				MACOSX_DEPLOYMENT_TARGET = 12.0;
				MARKETING_VERSION = 1.0;
				PRODUCT_BUNDLE_IDENTIFIER = sh.linus.Axe;
				PRODUCT_NAME = "$(TARGET_NAME)";
				SWIFT_EMIT_LOC_STRINGS = YES;
				SWIFT_VERSION = 5.0;
			};
			name = Debug;
		};
		15455D092862313E00EEF5A4 /* Release */ = {
			isa = XCBuildConfiguration;
			buildSettings = {
				ASSETCATALOG_COMPILER_APPICON_NAME = AppIcon;
				ASSETCATALOG_COMPILER_GLOBAL_ACCENT_COLOR_NAME = AccentColor;
				CODE_SIGN_ENTITLEMENTS = Axe/Axe.entitlements;
				CODE_SIGN_STYLE = Automatic;
				COMBINE_HIDPI_IMAGES = YES;
				CURRENT_PROJECT_VERSION = 1;
				DEVELOPMENT_ASSET_PATHS = "\"Axe/Preview Content\"";
				DEVELOPMENT_TEAM = P6PV2R9443;
				ENABLE_HARDENED_RUNTIME = YES;
				ENABLE_PREVIEWS = YES;
				GENERATE_INFOPLIST_FILE = YES;
				INFOPLIST_FILE = Axe/Info.plist;
				INFOPLIST_KEY_NSHumanReadableCopyright = "";
				LD_RUNPATH_SEARCH_PATHS = (
					"$(inherited)",
					"@executable_path/../Frameworks",
				);
				MACOSX_DEPLOYMENT_TARGET = 12.0;
				MARKETING_VERSION = 1.0;
				PRODUCT_BUNDLE_IDENTIFIER = sh.linus.Axe;
				PRODUCT_NAME = "$(TARGET_NAME)";
				SWIFT_EMIT_LOC_STRINGS = YES;
				SWIFT_VERSION = 5.0;
			};
			name = Release;
		};
/* End XCBuildConfiguration section */

/* Begin XCConfigurationList section */
		15455CF32862313800EEF5A4 /* Build configuration list for PBXProject "Axe" */ = {
			isa = XCConfigurationList;
			buildConfigurations = (
				15455D052862313E00EEF5A4 /* Debug */,
				15455D062862313E00EEF5A4 /* Release */,
			);
			defaultConfigurationIsVisible = 0;
			defaultConfigurationName = Release;
		};
		15455D072862313E00EEF5A4 /* Build configuration list for PBXNativeTarget "Axe" */ = {
			isa = XCConfigurationList;
			buildConfigurations = (
				15455D082862313E00EEF5A4 /* Debug */,
				15455D092862313E00EEF5A4 /* Release */,
			);
			defaultConfigurationIsVisible = 0;
			defaultConfigurationName = Release;
		};
/* End XCConfigurationList section */

/* Begin XCRemoteSwiftPackageReference section */
		15455D162862664300EEF5A4 /* XCRemoteSwiftPackageReference "LaunchAtLogin" */ = {
			isa = XCRemoteSwiftPackageReference;
			repositoryURL = "https://github.com/sindresorhus/LaunchAtLogin";
			requirement = {
				kind = exactVersion;
				version = 4.2.0;
			};
		};
/* End XCRemoteSwiftPackageReference section */

/* Begin XCSwiftPackageProductDependency section */
		15455D172862664300EEF5A4 /* LaunchAtLogin */ = {
			isa = XCSwiftPackageProductDependency;
			package = 15455D162862664300EEF5A4 /* XCRemoteSwiftPackageReference "LaunchAtLogin" */;
			productName = LaunchAtLogin;
		};
/* End XCSwiftPackageProductDependency section */
	};
	rootObject = 15455CF02862313800EEF5A4 /* Project object */;
}
